// !$*UTF8*$!
{
	archiveVersion = 1;
	classes = {
	};
	objectVersion = 50;
	objects = {

/* Begin PBXBuildFile section */
		675501262365B18B00F4508A /* AppDelegate.swift in Sources */ = {isa = PBXBuildFile; fileRef = 675501252365B18B00F4508A /* AppDelegate.swift */; };
		675501282365B18B00F4508A /* SceneDelegate.swift in Sources */ = {isa = PBXBuildFile; fileRef = 675501272365B18B00F4508A /* SceneDelegate.swift */; };
		6755012A2365B18B00F4508A /* ViewController.swift in Sources */ = {isa = PBXBuildFile; fileRef = 675501292365B18B00F4508A /* ViewController.swift */; };
		6755012D2365B18B00F4508A /* Main.storyboard in Resources */ = {isa = PBXBuildFile; fileRef = 6755012B2365B18B00F4508A /* Main.storyboard */; };
		6755012F2365B18C00F4508A /* Assets.xcassets in Resources */ = {isa = PBXBuildFile; fileRef = 6755012E2365B18C00F4508A /* Assets.xcassets */; };
		675501322365B18C00F4508A /* LaunchScreen.storyboard in Resources */ = {isa = PBXBuildFile; fileRef = 675501302365B18C00F4508A /* LaunchScreen.storyboard */; };
		6755013D2365B18D00F4508A /* PBLTests.swift in Sources */ = {isa = PBXBuildFile; fileRef = 6755013C2365B18D00F4508A /* PBLTests.swift */; };
		675501482365B18D00F4508A /* PBLUITests.swift in Sources */ = {isa = PBXBuildFile; fileRef = 675501472365B18D00F4508A /* PBLUITests.swift */; };
		6755014D2365B18D00F4508A /* PBL WatchKit App.app in Embed Watch Content */ = {isa = PBXBuildFile; fileRef = 6755014C2365B18D00F4508A /* PBL WatchKit App.app */; settings = {ATTRIBUTES = (RemoveHeadersOnCopy, ); }; };
		675501532365B18D00F4508A /* Interface.storyboard in Resources */ = {isa = PBXBuildFile; fileRef = 675501512365B18D00F4508A /* Interface.storyboard */; };
		675501552365B18D00F4508A /* Assets.xcassets in Resources */ = {isa = PBXBuildFile; fileRef = 675501542365B18D00F4508A /* Assets.xcassets */; };
		6755015C2365B18E00F4508A /* PBL WatchKit Extension.appex in Embed App Extensions */ = {isa = PBXBuildFile; fileRef = 6755015B2365B18E00F4508A /* PBL WatchKit Extension.appex */; settings = {ATTRIBUTES = (RemoveHeadersOnCopy, ); }; };
		675501612365B18E00F4508A /* InterfaceController.swift in Sources */ = {isa = PBXBuildFile; fileRef = 675501602365B18E00F4508A /* InterfaceController.swift */; };
		675501632365B18E00F4508A /* ExtensionDelegate.swift in Sources */ = {isa = PBXBuildFile; fileRef = 675501622365B18E00F4508A /* ExtensionDelegate.swift */; };
		675501652365B18E00F4508A /* NotificationController.swift in Sources */ = {isa = PBXBuildFile; fileRef = 675501642365B18E00F4508A /* NotificationController.swift */; };
		675501672365B18E00F4508A /* Assets.xcassets in Resources */ = {isa = PBXBuildFile; fileRef = 675501662365B18E00F4508A /* Assets.xcassets */; };
/* End PBXBuildFile section */

/* Begin PBXContainerItemProxy section */
		675501392365B18D00F4508A /* PBXContainerItemProxy */ = {
			isa = PBXContainerItemProxy;
			containerPortal = 6755011A2365B18B00F4508A /* Project object */;
			proxyType = 1;
			remoteGlobalIDString = 675501212365B18B00F4508A;
			remoteInfo = PBL;
		};
		675501442365B18D00F4508A /* PBXContainerItemProxy */ = {
			isa = PBXContainerItemProxy;
			containerPortal = 6755011A2365B18B00F4508A /* Project object */;
			proxyType = 1;
			remoteGlobalIDString = 675501212365B18B00F4508A;
			remoteInfo = PBL;
		};
		6755014E2365B18D00F4508A /* PBXContainerItemProxy */ = {
			isa = PBXContainerItemProxy;
			containerPortal = 6755011A2365B18B00F4508A /* Project object */;
			proxyType = 1;
			remoteGlobalIDString = 6755014B2365B18D00F4508A;
			remoteInfo = "PBL WatchKit App";
		};
		6755015D2365B18E00F4508A /* PBXContainerItemProxy */ = {
			isa = PBXContainerItemProxy;
			containerPortal = 6755011A2365B18B00F4508A /* Project object */;
			proxyType = 1;
			remoteGlobalIDString = 6755015A2365B18E00F4508A;
			remoteInfo = "PBL WatchKit Extension";
		};
/* End PBXContainerItemProxy section */

/* Begin PBXCopyFilesBuildPhase section */
		6755016F2365B18E00F4508A /* Embed App Extensions */ = {
			isa = PBXCopyFilesBuildPhase;
			buildActionMask = 2147483647;
			dstPath = "";
			dstSubfolderSpec = 13;
			files = (
				6755015C2365B18E00F4508A /* PBL WatchKit Extension.appex in Embed App Extensions */,
			);
			name = "Embed App Extensions";
			runOnlyForDeploymentPostprocessing = 0;
		};
		675501732365B18E00F4508A /* Embed Watch Content */ = {
			isa = PBXCopyFilesBuildPhase;
			buildActionMask = 2147483647;
			dstPath = "$(CONTENTS_FOLDER_PATH)/Watch";
			dstSubfolderSpec = 16;
			files = (
				6755014D2365B18D00F4508A /* PBL WatchKit App.app in Embed Watch Content */,
			);
			name = "Embed Watch Content";
			runOnlyForDeploymentPostprocessing = 0;
		};
/* End PBXCopyFilesBuildPhase section */

/* Begin PBXFileReference section */
		675501222365B18B00F4508A /* PBL.app */ = {isa = PBXFileReference; explicitFileType = wrapper.application; includeInIndex = 0; path = PBL.app; sourceTree = BUILT_PRODUCTS_DIR; };
		675501252365B18B00F4508A /* AppDelegate.swift */ = {isa = PBXFileReference; lastKnownFileType = sourcecode.swift; path = AppDelegate.swift; sourceTree = "<group>"; };
		675501272365B18B00F4508A /* SceneDelegate.swift */ = {isa = PBXFileReference; lastKnownFileType = sourcecode.swift; path = SceneDelegate.swift; sourceTree = "<group>"; };
		675501292365B18B00F4508A /* ViewController.swift */ = {isa = PBXFileReference; lastKnownFileType = sourcecode.swift; path = ViewController.swift; sourceTree = "<group>"; };
		6755012C2365B18B00F4508A /* Base */ = {isa = PBXFileReference; lastKnownFileType = file.storyboard; name = Base; path = Base.lproj/Main.storyboard; sourceTree = "<group>"; };
		6755012E2365B18C00F4508A /* Assets.xcassets */ = {isa = PBXFileReference; lastKnownFileType = folder.assetcatalog; path = Assets.xcassets; sourceTree = "<group>"; };
		675501312365B18C00F4508A /* Base */ = {isa = PBXFileReference; lastKnownFileType = file.storyboard; name = Base; path = Base.lproj/LaunchScreen.storyboard; sourceTree = "<group>"; };
		675501332365B18C00F4508A /* Info.plist */ = {isa = PBXFileReference; lastKnownFileType = text.plist.xml; path = Info.plist; sourceTree = "<group>"; };
		675501382365B18D00F4508A /* PBLTests.xctest */ = {isa = PBXFileReference; explicitFileType = wrapper.cfbundle; includeInIndex = 0; path = PBLTests.xctest; sourceTree = BUILT_PRODUCTS_DIR; };
		6755013C2365B18D00F4508A /* PBLTests.swift */ = {isa = PBXFileReference; lastKnownFileType = sourcecode.swift; path = PBLTests.swift; sourceTree = "<group>"; };
		6755013E2365B18D00F4508A /* Info.plist */ = {isa = PBXFileReference; lastKnownFileType = text.plist.xml; path = Info.plist; sourceTree = "<group>"; };
		675501432365B18D00F4508A /* PBLUITests.xctest */ = {isa = PBXFileReference; explicitFileType = wrapper.cfbundle; includeInIndex = 0; path = PBLUITests.xctest; sourceTree = BUILT_PRODUCTS_DIR; };
		675501472365B18D00F4508A /* PBLUITests.swift */ = {isa = PBXFileReference; lastKnownFileType = sourcecode.swift; path = PBLUITests.swift; sourceTree = "<group>"; };
		675501492365B18D00F4508A /* Info.plist */ = {isa = PBXFileReference; lastKnownFileType = text.plist.xml; path = Info.plist; sourceTree = "<group>"; };
		6755014C2365B18D00F4508A /* PBL WatchKit App.app */ = {isa = PBXFileReference; explicitFileType = wrapper.application; includeInIndex = 0; path = "PBL WatchKit App.app"; sourceTree = BUILT_PRODUCTS_DIR; };
		675501522365B18D00F4508A /* Base */ = {isa = PBXFileReference; lastKnownFileType = file.storyboard; name = Base; path = Base.lproj/Interface.storyboard; sourceTree = "<group>"; };
		675501542365B18D00F4508A /* Assets.xcassets */ = {isa = PBXFileReference; lastKnownFileType = folder.assetcatalog; path = Assets.xcassets; sourceTree = "<group>"; };
		675501562365B18D00F4508A /* Info.plist */ = {isa = PBXFileReference; lastKnownFileType = text.plist.xml; path = Info.plist; sourceTree = "<group>"; };
		6755015B2365B18E00F4508A /* PBL WatchKit Extension.appex */ = {isa = PBXFileReference; explicitFileType = "wrapper.app-extension"; includeInIndex = 0; path = "PBL WatchKit Extension.appex"; sourceTree = BUILT_PRODUCTS_DIR; };
		675501602365B18E00F4508A /* InterfaceController.swift */ = {isa = PBXFileReference; lastKnownFileType = sourcecode.swift; path = InterfaceController.swift; sourceTree = "<group>"; };
		675501622365B18E00F4508A /* ExtensionDelegate.swift */ = {isa = PBXFileReference; lastKnownFileType = sourcecode.swift; path = ExtensionDelegate.swift; sourceTree = "<group>"; };
		675501642365B18E00F4508A /* NotificationController.swift */ = {isa = PBXFileReference; lastKnownFileType = sourcecode.swift; path = NotificationController.swift; sourceTree = "<group>"; };
		675501662365B18E00F4508A /* Assets.xcassets */ = {isa = PBXFileReference; lastKnownFileType = folder.assetcatalog; path = Assets.xcassets; sourceTree = "<group>"; };
		675501682365B18E00F4508A /* Info.plist */ = {isa = PBXFileReference; lastKnownFileType = text.plist.xml; path = Info.plist; sourceTree = "<group>"; };
		675501692365B18E00F4508A /* PushNotificationPayload.apns */ = {isa = PBXFileReference; lastKnownFileType = text; path = PushNotificationPayload.apns; sourceTree = "<group>"; };
/* End PBXFileReference section */

/* Begin PBXFrameworksBuildPhase section */
		6755011F2365B18B00F4508A /* Frameworks */ = {
			isa = PBXFrameworksBuildPhase;
			buildActionMask = 2147483647;
			files = (
			);
			runOnlyForDeploymentPostprocessing = 0;
		};
		675501352365B18D00F4508A /* Frameworks */ = {
			isa = PBXFrameworksBuildPhase;
			buildActionMask = 2147483647;
			files = (
			);
			runOnlyForDeploymentPostprocessing = 0;
		};
		675501402365B18D00F4508A /* Frameworks */ = {
			isa = PBXFrameworksBuildPhase;
			buildActionMask = 2147483647;
			files = (
			);
			runOnlyForDeploymentPostprocessing = 0;
		};
		675501582365B18E00F4508A /* Frameworks */ = {
			isa = PBXFrameworksBuildPhase;
			buildActionMask = 2147483647;
			files = (
			);
			runOnlyForDeploymentPostprocessing = 0;
		};
/* End PBXFrameworksBuildPhase section */

/* Begin PBXGroup section */
		675501192365B18B00F4508A = {
			isa = PBXGroup;
			children = (
				675501242365B18B00F4508A /* PBL */,
				6755013B2365B18D00F4508A /* PBLTests */,
				675501462365B18D00F4508A /* PBLUITests */,
				675501502365B18D00F4508A /* PBL WatchKit App */,
				6755015F2365B18E00F4508A /* PBL WatchKit Extension */,
				675501232365B18B00F4508A /* Products */,
			);
			sourceTree = "<group>";
		};
		675501232365B18B00F4508A /* Products */ = {
			isa = PBXGroup;
			children = (
				675501222365B18B00F4508A /* PBL.app */,
				675501382365B18D00F4508A /* PBLTests.xctest */,
				675501432365B18D00F4508A /* PBLUITests.xctest */,
				6755014C2365B18D00F4508A /* PBL WatchKit App.app */,
				6755015B2365B18E00F4508A /* PBL WatchKit Extension.appex */,
			);
			name = Products;
			sourceTree = "<group>";
		};
		675501242365B18B00F4508A /* PBL */ = {
			isa = PBXGroup;
			children = (
				675501252365B18B00F4508A /* AppDelegate.swift */,
				675501272365B18B00F4508A /* SceneDelegate.swift */,
				675501292365B18B00F4508A /* ViewController.swift */,
				6755012B2365B18B00F4508A /* Main.storyboard */,
				6755012E2365B18C00F4508A /* Assets.xcassets */,
				675501302365B18C00F4508A /* LaunchScreen.storyboard */,
				675501332365B18C00F4508A /* Info.plist */,
			);
			path = PBL;
			sourceTree = "<group>";
		};
		6755013B2365B18D00F4508A /* PBLTests */ = {
			isa = PBXGroup;
			children = (
				6755013C2365B18D00F4508A /* PBLTests.swift */,
				6755013E2365B18D00F4508A /* Info.plist */,
			);
			path = PBLTests;
			sourceTree = "<group>";
		};
		675501462365B18D00F4508A /* PBLUITests */ = {
			isa = PBXGroup;
			children = (
				675501472365B18D00F4508A /* PBLUITests.swift */,
				675501492365B18D00F4508A /* Info.plist */,
			);
			path = PBLUITests;
			sourceTree = "<group>";
		};
		675501502365B18D00F4508A /* PBL WatchKit App */ = {
			isa = PBXGroup;
			children = (
				675501512365B18D00F4508A /* Interface.storyboard */,
				675501542365B18D00F4508A /* Assets.xcassets */,
				675501562365B18D00F4508A /* Info.plist */,
			);
			path = "PBL WatchKit App";
			sourceTree = "<group>";
		};
		6755015F2365B18E00F4508A /* PBL WatchKit Extension */ = {
			isa = PBXGroup;
			children = (
				675501602365B18E00F4508A /* InterfaceController.swift */,
				675501622365B18E00F4508A /* ExtensionDelegate.swift */,
				675501642365B18E00F4508A /* NotificationController.swift */,
				675501662365B18E00F4508A /* Assets.xcassets */,
				675501682365B18E00F4508A /* Info.plist */,
				675501692365B18E00F4508A /* PushNotificationPayload.apns */,
			);
			path = "PBL WatchKit Extension";
			sourceTree = "<group>";
		};
/* End PBXGroup section */

/* Begin PBXNativeTarget section */
		675501212365B18B00F4508A /* PBL */ = {
			isa = PBXNativeTarget;
			buildConfigurationList = 675501742365B18E00F4508A /* Build configuration list for PBXNativeTarget "PBL" */;
			buildPhases = (
				6755011E2365B18B00F4508A /* Sources */,
				6755011F2365B18B00F4508A /* Frameworks */,
				675501202365B18B00F4508A /* Resources */,
				675501732365B18E00F4508A /* Embed Watch Content */,
			);
			buildRules = (
			);
			dependencies = (
				6755014F2365B18D00F4508A /* PBXTargetDependency */,
			);
			name = PBL;
			productName = PBL;
			productReference = 675501222365B18B00F4508A /* PBL.app */;
			productType = "com.apple.product-type.application";
		};
		675501372365B18D00F4508A /* PBLTests */ = {
			isa = PBXNativeTarget;
			buildConfigurationList = 675501772365B18E00F4508A /* Build configuration list for PBXNativeTarget "PBLTests" */;
			buildPhases = (
				675501342365B18D00F4508A /* Sources */,
				675501352365B18D00F4508A /* Frameworks */,
				675501362365B18D00F4508A /* Resources */,
			);
			buildRules = (
			);
			dependencies = (
				6755013A2365B18D00F4508A /* PBXTargetDependency */,
			);
			name = PBLTests;
			productName = PBLTests;
			productReference = 675501382365B18D00F4508A /* PBLTests.xctest */;
			productType = "com.apple.product-type.bundle.unit-test";
		};
		675501422365B18D00F4508A /* PBLUITests */ = {
			isa = PBXNativeTarget;
			buildConfigurationList = 6755017A2365B18E00F4508A /* Build configuration list for PBXNativeTarget "PBLUITests" */;
			buildPhases = (
				6755013F2365B18D00F4508A /* Sources */,
				675501402365B18D00F4508A /* Frameworks */,
				675501412365B18D00F4508A /* Resources */,
			);
			buildRules = (
			);
			dependencies = (
				675501452365B18D00F4508A /* PBXTargetDependency */,
			);
			name = PBLUITests;
			productName = PBLUITests;
			productReference = 675501432365B18D00F4508A /* PBLUITests.xctest */;
			productType = "com.apple.product-type.bundle.ui-testing";
		};
		6755014B2365B18D00F4508A /* PBL WatchKit App */ = {
			isa = PBXNativeTarget;
			buildConfigurationList = 675501702365B18E00F4508A /* Build configuration list for PBXNativeTarget "PBL WatchKit App" */;
			buildPhases = (
				6755014A2365B18D00F4508A /* Resources */,
				6755016F2365B18E00F4508A /* Embed App Extensions */,
			);
			buildRules = (
			);
			dependencies = (
				6755015E2365B18E00F4508A /* PBXTargetDependency */,
			);
			name = "PBL WatchKit App";
			productName = "PBL WatchKit App";
			productReference = 6755014C2365B18D00F4508A /* PBL WatchKit App.app */;
			productType = "com.apple.product-type.application.watchapp2";
		};
		6755015A2365B18E00F4508A /* PBL WatchKit Extension */ = {
			isa = PBXNativeTarget;
			buildConfigurationList = 6755016C2365B18E00F4508A /* Build configuration list for PBXNativeTarget "PBL WatchKit Extension" */;
			buildPhases = (
				675501572365B18E00F4508A /* Sources */,
				675501582365B18E00F4508A /* Frameworks */,
				675501592365B18E00F4508A /* Resources */,
			);
			buildRules = (
			);
			dependencies = (
			);
			name = "PBL WatchKit Extension";
			productName = "PBL WatchKit Extension";
			productReference = 6755015B2365B18E00F4508A /* PBL WatchKit Extension.appex */;
			productType = "com.apple.product-type.watchkit2-extension";
		};
/* End PBXNativeTarget section */

/* Begin PBXProject section */
		6755011A2365B18B00F4508A /* Project object */ = {
			isa = PBXProject;
			attributes = {
				LastSwiftUpdateCheck = 1110;
				LastUpgradeCheck = 1110;
				ORGANIZATIONNAME = KurohataY;
				TargetAttributes = {
					675501212365B18B00F4508A = {
						CreatedOnToolsVersion = 11.1;
					};
					675501372365B18D00F4508A = {
						CreatedOnToolsVersion = 11.1;
						TestTargetID = 675501212365B18B00F4508A;
					};
					675501422365B18D00F4508A = {
						CreatedOnToolsVersion = 11.1;
						TestTargetID = 675501212365B18B00F4508A;
					};
					6755014B2365B18D00F4508A = {
						CreatedOnToolsVersion = 11.1;
					};
					6755015A2365B18E00F4508A = {
						CreatedOnToolsVersion = 11.1;
					};
				};
			};
			buildConfigurationList = 6755011D2365B18B00F4508A /* Build configuration list for PBXProject "PBL" */;
			compatibilityVersion = "Xcode 9.3";
			developmentRegion = en;
			hasScannedForEncodings = 0;
			knownRegions = (
				en,
				Base,
			);
			mainGroup = 675501192365B18B00F4508A;
			productRefGroup = 675501232365B18B00F4508A /* Products */;
			projectDirPath = "";
			projectRoot = "";
			targets = (
				675501212365B18B00F4508A /* PBL */,
				675501372365B18D00F4508A /* PBLTests */,
				675501422365B18D00F4508A /* PBLUITests */,
				6755014B2365B18D00F4508A /* PBL WatchKit App */,
				6755015A2365B18E00F4508A /* PBL WatchKit Extension */,
			);
		};
/* End PBXProject section */

/* Begin PBXResourcesBuildPhase section */
		675501202365B18B00F4508A /* Resources */ = {
			isa = PBXResourcesBuildPhase;
			buildActionMask = 2147483647;
			files = (
				675501322365B18C00F4508A /* LaunchScreen.storyboard in Resources */,
				6755012F2365B18C00F4508A /* Assets.xcassets in Resources */,
				6755012D2365B18B00F4508A /* Main.storyboard in Resources */,
			);
			runOnlyForDeploymentPostprocessing = 0;
		};
		675501362365B18D00F4508A /* Resources */ = {
			isa = PBXResourcesBuildPhase;
			buildActionMask = 2147483647;
			files = (
			);
			runOnlyForDeploymentPostprocessing = 0;
		};
		675501412365B18D00F4508A /* Resources */ = {
			isa = PBXResourcesBuildPhase;
			buildActionMask = 2147483647;
			files = (
			);
			runOnlyForDeploymentPostprocessing = 0;
		};
		6755014A2365B18D00F4508A /* Resources */ = {
			isa = PBXResourcesBuildPhase;
			buildActionMask = 2147483647;
			files = (
				675501552365B18D00F4508A /* Assets.xcassets in Resources */,
				675501532365B18D00F4508A /* Interface.storyboard in Resources */,
			);
			runOnlyForDeploymentPostprocessing = 0;
		};
		675501592365B18E00F4508A /* Resources */ = {
			isa = PBXResourcesBuildPhase;
			buildActionMask = 2147483647;
			files = (
				675501672365B18E00F4508A /* Assets.xcassets in Resources */,
			);
			runOnlyForDeploymentPostprocessing = 0;
		};
/* End PBXResourcesBuildPhase section */

/* Begin PBXSourcesBuildPhase section */
		6755011E2365B18B00F4508A /* Sources */ = {
			isa = PBXSourcesBuildPhase;
			buildActionMask = 2147483647;
			files = (
				6755012A2365B18B00F4508A /* ViewController.swift in Sources */,
				675501262365B18B00F4508A /* AppDelegate.swift in Sources */,
				675501282365B18B00F4508A /* SceneDelegate.swift in Sources */,
			);
			runOnlyForDeploymentPostprocessing = 0;
		};
		675501342365B18D00F4508A /* Sources */ = {
			isa = PBXSourcesBuildPhase;
			buildActionMask = 2147483647;
			files = (
				6755013D2365B18D00F4508A /* PBLTests.swift in Sources */,
			);
			runOnlyForDeploymentPostprocessing = 0;
		};
		6755013F2365B18D00F4508A /* Sources */ = {
			isa = PBXSourcesBuildPhase;
			buildActionMask = 2147483647;
			files = (
				675501482365B18D00F4508A /* PBLUITests.swift in Sources */,
			);
			runOnlyForDeploymentPostprocessing = 0;
		};
		675501572365B18E00F4508A /* Sources */ = {
			isa = PBXSourcesBuildPhase;
			buildActionMask = 2147483647;
			files = (
				675501652365B18E00F4508A /* NotificationController.swift in Sources */,
				675501632365B18E00F4508A /* ExtensionDelegate.swift in Sources */,
				675501612365B18E00F4508A /* InterfaceController.swift in Sources */,
			);
			runOnlyForDeploymentPostprocessing = 0;
		};
/* End PBXSourcesBuildPhase section */

/* Begin PBXTargetDependency section */
		6755013A2365B18D00F4508A /* PBXTargetDependency */ = {
			isa = PBXTargetDependency;
			target = 675501212365B18B00F4508A /* PBL */;
			targetProxy = 675501392365B18D00F4508A /* PBXContainerItemProxy */;
		};
		675501452365B18D00F4508A /* PBXTargetDependency */ = {
			isa = PBXTargetDependency;
			target = 675501212365B18B00F4508A /* PBL */;
			targetProxy = 675501442365B18D00F4508A /* PBXContainerItemProxy */;
		};
		6755014F2365B18D00F4508A /* PBXTargetDependency */ = {
			isa = PBXTargetDependency;
			target = 6755014B2365B18D00F4508A /* PBL WatchKit App */;
			targetProxy = 6755014E2365B18D00F4508A /* PBXContainerItemProxy */;
		};
		6755015E2365B18E00F4508A /* PBXTargetDependency */ = {
			isa = PBXTargetDependency;
			target = 6755015A2365B18E00F4508A /* PBL WatchKit Extension */;
			targetProxy = 6755015D2365B18E00F4508A /* PBXContainerItemProxy */;
		};
/* End PBXTargetDependency section */

/* Begin PBXVariantGroup section */
		6755012B2365B18B00F4508A /* Main.storyboard */ = {
			isa = PBXVariantGroup;
			children = (
				6755012C2365B18B00F4508A /* Base */,
			);
			name = Main.storyboard;
			sourceTree = "<group>";
		};
		675501302365B18C00F4508A /* LaunchScreen.storyboard */ = {
			isa = PBXVariantGroup;
			children = (
				675501312365B18C00F4508A /* Base */,
			);
			name = LaunchScreen.storyboard;
			sourceTree = "<group>";
		};
		675501512365B18D00F4508A /* Interface.storyboard */ = {
			isa = PBXVariantGroup;
			children = (
				675501522365B18D00F4508A /* Base */,
			);
			name = Interface.storyboard;
			sourceTree = "<group>";
		};
/* End PBXVariantGroup section */

/* Begin XCBuildConfiguration section */
		6755016A2365B18E00F4508A /* Debug */ = {
			isa = XCBuildConfiguration;
			buildSettings = {
				ALWAYS_SEARCH_USER_PATHS = NO;
				CLANG_ANALYZER_NONNULL = YES;
				CLANG_ANALYZER_NUMBER_OBJECT_CONVERSION = YES_AGGRESSIVE;
				CLANG_CXX_LANGUAGE_STANDARD = "gnu++14";
				CLANG_CXX_LIBRARY = "libc++";
				CLANG_ENABLE_MODULES = YES;
				CLANG_ENABLE_OBJC_ARC = YES;
				CLANG_ENABLE_OBJC_WEAK = YES;
				CLANG_WARN_BLOCK_CAPTURE_AUTORELEASING = YES;
				CLANG_WARN_BOOL_CONVERSION = YES;
				CLANG_WARN_COMMA = YES;
				CLANG_WARN_CONSTANT_CONVERSION = YES;
				CLANG_WARN_DEPRECATED_OBJC_IMPLEMENTATIONS = YES;
				CLANG_WARN_DIRECT_OBJC_ISA_USAGE = YES_ERROR;
				CLANG_WARN_DOCUMENTATION_COMMENTS = YES;
				CLANG_WARN_EMPTY_BODY = YES;
				CLANG_WARN_ENUM_CONVERSION = YES;
				CLANG_WARN_INFINITE_RECURSION = YES;
				CLANG_WARN_INT_CONVERSION = YES;
				CLANG_WARN_NON_LITERAL_NULL_CONVERSION = YES;
				CLANG_WARN_OBJC_IMPLICIT_RETAIN_SELF = YES;
				CLANG_WARN_OBJC_LITERAL_CONVERSION = YES;
				CLANG_WARN_OBJC_ROOT_CLASS = YES_ERROR;
				CLANG_WARN_RANGE_LOOP_ANALYSIS = YES;
				CLANG_WARN_STRICT_PROTOTYPES = YES;
				CLANG_WARN_SUSPICIOUS_MOVE = YES;
				CLANG_WARN_UNGUARDED_AVAILABILITY = YES_AGGRESSIVE;
				CLANG_WARN_UNREACHABLE_CODE = YES;
				CLANG_WARN__DUPLICATE_METHOD_MATCH = YES;
				COPY_PHASE_STRIP = NO;
				DEBUG_INFORMATION_FORMAT = dwarf;
				ENABLE_STRICT_OBJC_MSGSEND = YES;
				ENABLE_TESTABILITY = YES;
				GCC_C_LANGUAGE_STANDARD = gnu11;
				GCC_DYNAMIC_NO_PIC = NO;
				GCC_NO_COMMON_BLOCKS = YES;
				GCC_OPTIMIZATION_LEVEL = 0;
				GCC_PREPROCESSOR_DEFINITIONS = (
					"DEBUG=1",
					"$(inherited)",
				);
				GCC_WARN_64_TO_32_BIT_CONVERSION = YES;
				GCC_WARN_ABOUT_RETURN_TYPE = YES_ERROR;
				GCC_WARN_UNDECLARED_SELECTOR = YES;
				GCC_WARN_UNINITIALIZED_AUTOS = YES_AGGRESSIVE;
				GCC_WARN_UNUSED_FUNCTION = YES;
				GCC_WARN_UNUSED_VARIABLE = YES;
				IPHONEOS_DEPLOYMENT_TARGET = 13.1;
				MTL_ENABLE_DEBUG_INFO = INCLUDE_SOURCE;
				MTL_FAST_MATH = YES;
				ONLY_ACTIVE_ARCH = YES;
				SDKROOT = iphoneos;
				SWIFT_ACTIVE_COMPILATION_CONDITIONS = DEBUG;
				SWIFT_OPTIMIZATION_LEVEL = "-Onone";
			};
			name = Debug;
		};
		6755016B2365B18E00F4508A /* Release */ = {
			isa = XCBuildConfiguration;
			buildSettings = {
				ALWAYS_SEARCH_USER_PATHS = NO;
				CLANG_ANALYZER_NONNULL = YES;
				CLANG_ANALYZER_NUMBER_OBJECT_CONVERSION = YES_AGGRESSIVE;
				CLANG_CXX_LANGUAGE_STANDARD = "gnu++14";
				CLANG_CXX_LIBRARY = "libc++";
				CLANG_ENABLE_MODULES = YES;
				CLANG_ENABLE_OBJC_ARC = YES;
				CLANG_ENABLE_OBJC_WEAK = YES;
				CLANG_WARN_BLOCK_CAPTURE_AUTORELEASING = YES;
				CLANG_WARN_BOOL_CONVERSION = YES;
				CLANG_WARN_COMMA = YES;
				CLANG_WARN_CONSTANT_CONVERSION = YES;
				CLANG_WARN_DEPRECATED_OBJC_IMPLEMENTATIONS = YES;
				CLANG_WARN_DIRECT_OBJC_ISA_USAGE = YES_ERROR;
				CLANG_WARN_DOCUMENTATION_COMMENTS = YES;
				CLANG_WARN_EMPTY_BODY = YES;
				CLANG_WARN_ENUM_CONVERSION = YES;
				CLANG_WARN_INFINITE_RECURSION = YES;
				CLANG_WARN_INT_CONVERSION = YES;
				CLANG_WARN_NON_LITERAL_NULL_CONVERSION = YES;
				CLANG_WARN_OBJC_IMPLICIT_RETAIN_SELF = YES;
				CLANG_WARN_OBJC_LITERAL_CONVERSION = YES;
				CLANG_WARN_OBJC_ROOT_CLASS = YES_ERROR;
				CLANG_WARN_RANGE_LOOP_ANALYSIS = YES;
				CLANG_WARN_STRICT_PROTOTYPES = YES;
				CLANG_WARN_SUSPICIOUS_MOVE = YES;
				CLANG_WARN_UNGUARDED_AVAILABILITY = YES_AGGRESSIVE;
				CLANG_WARN_UNREACHABLE_CODE = YES;
				CLANG_WARN__DUPLICATE_METHOD_MATCH = YES;
				COPY_PHASE_STRIP = NO;
				DEBUG_INFORMATION_FORMAT = "dwarf-with-dsym";
				ENABLE_NS_ASSERTIONS = NO;
				ENABLE_STRICT_OBJC_MSGSEND = YES;
				GCC_C_LANGUAGE_STANDARD = gnu11;
				GCC_NO_COMMON_BLOCKS = YES;
				GCC_WARN_64_TO_32_BIT_CONVERSION = YES;
				GCC_WARN_ABOUT_RETURN_TYPE = YES_ERROR;
				GCC_WARN_UNDECLARED_SELECTOR = YES;
				GCC_WARN_UNINITIALIZED_AUTOS = YES_AGGRESSIVE;
				GCC_WARN_UNUSED_FUNCTION = YES;
				GCC_WARN_UNUSED_VARIABLE = YES;
				IPHONEOS_DEPLOYMENT_TARGET = 13.1;
				MTL_ENABLE_DEBUG_INFO = NO;
				MTL_FAST_MATH = YES;
				SDKROOT = iphoneos;
				SWIFT_COMPILATION_MODE = wholemodule;
				SWIFT_OPTIMIZATION_LEVEL = "-O";
				VALIDATE_PRODUCT = YES;
			};
			name = Release;
		};
		6755016D2365B18E00F4508A /* Debug */ = {
			isa = XCBuildConfiguration;
			buildSettings = {
				ASSETCATALOG_COMPILER_COMPLICATION_NAME = Complication;
				CODE_SIGN_STYLE = Automatic;
				DEVELOPMENT_TEAM = X8686LA3B4;
				INFOPLIST_FILE = "PBL WatchKit Extension/Info.plist";
				LD_RUNPATH_SEARCH_PATHS = (
					"$(inherited)",
					"@executable_path/Frameworks",
					"@executable_path/../../Frameworks",
				);
				PRODUCT_BUNDLE_IDENTIFIER = PBLtest.PBL.watchkitapp.watchkitextension;
				PRODUCT_NAME = "${TARGET_NAME}";
				SDKROOT = watchos;
				SKIP_INSTALL = YES;
				SWIFT_VERSION = 5.0;
				TARGETED_DEVICE_FAMILY = 4;
				WATCHOS_DEPLOYMENT_TARGET = 6.0;
			};
			name = Debug;
		};
		6755016E2365B18E00F4508A /* Release */ = {
			isa = XCBuildConfiguration;
			buildSettings = {
				ASSETCATALOG_COMPILER_COMPLICATION_NAME = Complication;
				CODE_SIGN_STYLE = Automatic;
				DEVELOPMENT_TEAM = X8686LA3B4;
				INFOPLIST_FILE = "PBL WatchKit Extension/Info.plist";
				LD_RUNPATH_SEARCH_PATHS = (
					"$(inherited)",
					"@executable_path/Frameworks",
					"@executable_path/../../Frameworks",
				);
				PRODUCT_BUNDLE_IDENTIFIER = PBLtest.PBL.watchkitapp.watchkitextension;
				PRODUCT_NAME = "${TARGET_NAME}";
				SDKROOT = watchos;
				SKIP_INSTALL = YES;
				SWIFT_VERSION = 5.0;
				TARGETED_DEVICE_FAMILY = 4;
				WATCHOS_DEPLOYMENT_TARGET = 6.0;
			};
			name = Release;
		};
		675501712365B18E00F4508A /* Debug */ = {
			isa = XCBuildConfiguration;
			buildSettings = {
				ALWAYS_EMBED_SWIFT_STANDARD_LIBRARIES = YES;
				ASSETCATALOG_COMPILER_APPICON_NAME = AppIcon;
				CODE_SIGN_STYLE = Automatic;
				DEVELOPMENT_TEAM = X8686LA3B4;
				IBSC_MODULE = PBL_WatchKit_Extension;
				INFOPLIST_FILE = "PBL WatchKit App/Info.plist";
				PRODUCT_BUNDLE_IDENTIFIER = PBLtest.PBL.watchkitapp;
				PRODUCT_NAME = "$(TARGET_NAME)";
				SDKROOT = watchos;
				SKIP_INSTALL = YES;
				SWIFT_VERSION = 5.0;
				TARGETED_DEVICE_FAMILY = 4;
				WATCHOS_DEPLOYMENT_TARGET = 6.0;
			};
			name = Debug;
		};
		675501722365B18E00F4508A /* Release */ = {
			isa = XCBuildConfiguration;
			buildSettings = {
				ALWAYS_EMBED_SWIFT_STANDARD_LIBRARIES = YES;
				ASSETCATALOG_COMPILER_APPICON_NAME = AppIcon;
				CODE_SIGN_STYLE = Automatic;
				DEVELOPMENT_TEAM = X8686LA3B4;
				IBSC_MODULE = PBL_WatchKit_Extension;
				INFOPLIST_FILE = "PBL WatchKit App/Info.plist";
				PRODUCT_BUNDLE_IDENTIFIER = PBLtest.PBL.watchkitapp;
				PRODUCT_NAME = "$(TARGET_NAME)";
				SDKROOT = watchos;
				SKIP_INSTALL = YES;
				SWIFT_VERSION = 5.0;
				TARGETED_DEVICE_FAMILY = 4;
				WATCHOS_DEPLOYMENT_TARGET = 6.0;
			};
			name = Release;
		};
		675501752365B18E00F4508A /* Debug */ = {
			isa = XCBuildConfiguration;
			buildSettings = {
				ASSETCATALOG_COMPILER_APPICON_NAME = AppIcon;
				CODE_SIGN_STYLE = Automatic;
				DEVELOPMENT_TEAM = X8686LA3B4;
				INFOPLIST_FILE = PBL/Info.plist;
				LD_RUNPATH_SEARCH_PATHS = (
					"$(inherited)",
					"@executable_path/Frameworks",
				);
				PRODUCT_BUNDLE_IDENTIFIER = PBLtest.PBL;
				PRODUCT_NAME = "$(TARGET_NAME)";
				SWIFT_VERSION = 5.0;
				TARGETED_DEVICE_FAMILY = "1,2";
			};
			name = Debug;
		};
		675501762365B18E00F4508A /* Release */ = {
			isa = XCBuildConfiguration;
			buildSettings = {
				ASSETCATALOG_COMPILER_APPICON_NAME = AppIcon;
				CODE_SIGN_STYLE = Automatic;
				DEVELOPMENT_TEAM = X8686LA3B4;
				INFOPLIST_FILE = PBL/Info.plist;
				LD_RUNPATH_SEARCH_PATHS = (
					"$(inherited)",
					"@executable_path/Frameworks",
				);
				PRODUCT_BUNDLE_IDENTIFIER = PBLtest.PBL;
				PRODUCT_NAME = "$(TARGET_NAME)";
				SWIFT_VERSION = 5.0;
				TARGETED_DEVICE_FAMILY = "1,2";
			};
			name = Release;
		};
		675501782365B18E00F4508A /* Debug */ = {
			isa = XCBuildConfiguration;
			buildSettings = {
				ALWAYS_EMBED_SWIFT_STANDARD_LIBRARIES = YES;
				BUNDLE_LOADER = "$(TEST_HOST)";
				CODE_SIGN_STYLE = Automatic;
				DEVELOPMENT_TEAM = X8686LA3B4;
				INFOPLIST_FILE = PBLTests/Info.plist;
				IPHONEOS_DEPLOYMENT_TARGET = 13.1;
				LD_RUNPATH_SEARCH_PATHS = (
					"$(inherited)",
					"@executable_path/Frameworks",
					"@loader_path/Frameworks",
				);
				PRODUCT_BUNDLE_IDENTIFIER = PBLtest.PBLTests;
				PRODUCT_NAME = "$(TARGET_NAME)";
				SWIFT_VERSION = 5.0;
				TARGETED_DEVICE_FAMILY = "1,2";
				TEST_HOST = "$(BUILT_PRODUCTS_DIR)/PBL.app/PBL";
			};
			name = Debug;
		};
		675501792365B18E00F4508A /* Release */ = {
			isa = XCBuildConfiguration;
			buildSettings = {
				ALWAYS_EMBED_SWIFT_STANDARD_LIBRARIES = YES;
				BUNDLE_LOADER = "$(TEST_HOST)";
				CODE_SIGN_STYLE = Automatic;
				DEVELOPMENT_TEAM = X8686LA3B4;
				INFOPLIST_FILE = PBLTests/Info.plist;
				IPHONEOS_DEPLOYMENT_TARGET = 13.1;
				LD_RUNPATH_SEARCH_PATHS = (
					"$(inherited)",
					"@executable_path/Frameworks",
					"@loader_path/Frameworks",
				);
				PRODUCT_BUNDLE_IDENTIFIER = PBLtest.PBLTests;
				PRODUCT_NAME = "$(TARGET_NAME)";
				SWIFT_VERSION = 5.0;
				TARGETED_DEVICE_FAMILY = "1,2";
				TEST_HOST = "$(BUILT_PRODUCTS_DIR)/PBL.app/PBL";
			};
			name = Release;
		};
		6755017B2365B18E00F4508A /* Debug */ = {
			isa = XCBuildConfiguration;
			buildSettings = {
				ALWAYS_EMBED_SWIFT_STANDARD_LIBRARIES = YES;
				CODE_SIGN_STYLE = Automatic;
				DEVELOPMENT_TEAM = X8686LA3B4;
				INFOPLIST_FILE = PBLUITests/Info.plist;
				LD_RUNPATH_SEARCH_PATHS = (
					"$(inherited)",
					"@executable_path/Frameworks",
					"@loader_path/Frameworks",
				);
				PRODUCT_BUNDLE_IDENTIFIER = PBLtest.PBLUITests;
				PRODUCT_NAME = "$(TARGET_NAME)";
				SWIFT_VERSION = 5.0;
				TARGETED_DEVICE_FAMILY = "1,2";
				TEST_TARGET_NAME = PBL;
			};
			name = Debug;
		};
		6755017C2365B18E00F4508A /* Release */ = {
			isa = XCBuildConfiguration;
			buildSettings = {
				ALWAYS_EMBED_SWIFT_STANDARD_LIBRARIES = YES;
				CODE_SIGN_STYLE = Automatic;
				DEVELOPMENT_TEAM = X8686LA3B4;
				INFOPLIST_FILE = PBLUITests/Info.plist;
				LD_RUNPATH_SEARCH_PATHS = (
					"$(inherited)",
					"@executable_path/Frameworks",
					"@loader_path/Frameworks",
				);
				PRODUCT_BUNDLE_IDENTIFIER = PBLtest.PBLUITests;
				PRODUCT_NAME = "$(TARGET_NAME)";
				SWIFT_VERSION = 5.0;
				TARGETED_DEVICE_FAMILY = "1,2";
				TEST_TARGET_NAME = PBL;
			};
			name = Release;
		};
/* End XCBuildConfiguration section */

/* Begin XCConfigurationList section */
		6755011D2365B18B00F4508A /* Build configuration list for PBXProject "PBL" */ = {
			isa = XCConfigurationList;
			buildConfigurations = (
				6755016A2365B18E00F4508A /* Debug */,
				6755016B2365B18E00F4508A /* Release */,
			);
			defaultConfigurationIsVisible = 0;
			defaultConfigurationName = Release;
		};
		6755016C2365B18E00F4508A /* Build configuration list for PBXNativeTarget "PBL WatchKit Extension" */ = {
			isa = XCConfigurationList;
			buildConfigurations = (
				6755016D2365B18E00F4508A /* Debug */,
				6755016E2365B18E00F4508A /* Release */,
			);
			defaultConfigurationIsVisible = 0;
			defaultConfigurationName = Release;
		};
		675501702365B18E00F4508A /* Build configuration list for PBXNativeTarget "PBL WatchKit App" */ = {
			isa = XCConfigurationList;
			buildConfigurations = (
				675501712365B18E00F4508A /* Debug */,
				675501722365B18E00F4508A /* Release */,
			);
			defaultConfigurationIsVisible = 0;
			defaultConfigurationName = Release;
		};
		675501742365B18E00F4508A /* Build configuration list for PBXNativeTarget "PBL" */ = {
			isa = XCConfigurationList;
			buildConfigurations = (
				675501752365B18E00F4508A /* Debug */,
				675501762365B18E00F4508A /* Release */,
			);
			defaultConfigurationIsVisible = 0;
			defaultConfigurationName = Release;
		};
		675501772365B18E00F4508A /* Build configuration list for PBXNativeTarget "PBLTests" */ = {
			isa = XCConfigurationList;
			buildConfigurations = (
				675501782365B18E00F4508A /* Debug */,
				675501792365B18E00F4508A /* Release */,
			);
			defaultConfigurationIsVisible = 0;
			defaultConfigurationName = Release;
		};
		6755017A2365B18E00F4508A /* Build configuration list for PBXNativeTarget "PBLUITests" */ = {
			isa = XCConfigurationList;
			buildConfigurations = (
				6755017B2365B18E00F4508A /* Debug */,
				6755017C2365B18E00F4508A /* Release */,
			);
			defaultConfigurationIsVisible = 0;
			defaultConfigurationName = Release;
		};
/* End XCConfigurationList section */
	};
	rootObject = 6755011A2365B18B00F4508A /* Project object */;
}
